Microsoft Visual Studio Solution File, Format Version 12.00
# Visual Studio Version 17
VisualStudioVersion = 17.5.2.0
MinimumVisualStudioVersion = 10.0.40219.1
Project("{FAE04EC0-301F-11D3-BF4B-00C04F79EFBC}") = "StudentManagementGUI", "StudentManagementGUI\StudentManagementGUI.csproj", "{601D61FB-1613-1B05-CF51-0BF628A32877}"
EndProject
Global
	GlobalSection(SolutionConfigurationPlatforms) = preSolution
		Debug|Any CPU = Debug|Any CPU
		Release|Any CPU = Release|Any CPU
	EndGlobalSection
	GlobalSection(ProjectConfigurationPlatforms) = postSolution
		{601D61FB-1613-1B05-CF51-0BF628A32877}.Debug|Any CPU.ActiveCfg = Debug|Any CPU
		{601D61FB-1613-1B05-CF51-0BF628A32877}.Debug|Any CPU.Build.0 = Debug|Any CPU
		{601D61FB-1613-1B05-CF51-0BF628A32877}.Release|Any CPU.ActiveCfg = Release|Any CPU
		{601D61FB-1613-1B05-CF51-0BF628A32877}.Release|Any CPU.Build.0 = Release|Any CPU
	EndGlobalSection
	GlobalSection(SolutionProperties) = preSolution
		HideSolutionNode = FALSE
	EndGlobalSection
	GlobalSection(ExtensibilityGlobals) = postSolution
		SolutionGuid = {ADF41A69-F553-4436-A282-4062F4E7E453}
	EndGlobalSection
EndGlobal
